
Microsoft Visual Studio Solution File, Format Version 12.00
# Visual Studio Version 17
VisualStudioVersion = 17.4.33213.308
MinimumVisualStudioVersion = 10.0.40219.1
Project("{FAE04EC0-301F-11D3-BF4B-00C04F79EFBC}") = "WPF-laba-16-part-2", "WPF-laba-16-part-2\WPF-laba-16-part-2.csproj", "{15B95EE5-C783-4559-9630-8A947F01C929}"
EndProject
Global
	GlobalSection(SolutionConfigurationPlatforms) = preSolution
		Debug|Any CPU = Debug|Any CPU
		Release|Any CPU = Release|Any CPU
	EndGlobalSection
	GlobalSection(ProjectConfigurationPlatforms) = postSolution
		{15B95EE5-C783-4559-9630-8A947F01C929}.Debug|Any CPU.ActiveCfg = Debug|Any CPU
		{15B95EE5-C783-4559-9630-8A947F01C929}.Debug|Any CPU.Build.0 = Debug|Any CPU
		{15B95EE5-C783-4559-9630-8A947F01C929}.Release|Any CPU.ActiveCfg = Release|Any CPU
		{15B95EE5-C783-4559-9630-8A947F01C929}.Release|Any CPU.Build.0 = Release|Any CPU
	EndGlobalSection
	GlobalSection(SolutionProperties) = preSolution
		HideSolutionNode = FALSE
	EndGlobalSection
	GlobalSection(ExtensibilityGlobals) = postSolution
		SolutionGuid = {4EE5B86E-5C9D-4735-83E3-DD955E0E7523}
	EndGlobalSection
EndGlobal
